
Microsoft Visual Studio Solution File, Format Version 12.00
# Visual Studio Version 16
VisualStudioVersion = 16.0.31205.134
MinimumVisualStudioVersion = 10.0.40219.1
Project("{FAE04EC0-301F-11D3-BF4B-00C04F79EFBC}") = "PRIEdge", "PRIEdge.csproj", "{CAB88FD9-791F-424F-9349-AAF25EBA466A}"
EndProject
Global
	GlobalSection(SolutionConfigurationPlatforms) = preSolution
		Debug|Any CPU = Debug|Any CPU
		Release|Any CPU = Release|Any CPU
	EndGlobalSection
	GlobalSection(ProjectConfigurationPlatforms) = postSolution
		{CAB88FD9-791F-424F-9349-AAF25EBA466A}.Debug|Any CPU.ActiveCfg = Debug|Any CPU
		{CAB88FD9-791F-424F-9349-AAF25EBA466A}.Debug|Any CPU.Build.0 = Debug|Any CPU
		{CAB88FD9-791F-424F-9349-AAF25EBA466A}.Release|Any CPU.ActiveCfg = Release|Any CPU
		{CAB88FD9-791F-424F-9349-AAF25EBA466A}.Release|Any CPU.Build.0 = Release|Any CPU
	EndGlobalSection
	GlobalSection(SolutionProperties) = preSolution
		HideSolutionNode = FALSE
	EndGlobalSection
	GlobalSection(ExtensibilityGlobals) = postSolution
		SolutionGuid = {0C9F6E30-70C7-42DE-9FA1-4620139620D4}
	EndGlobalSection
EndGlobal
